
Microsoft Visual Studio Solution File, Format Version 12.00
# Visual Studio Version 17
VisualStudioVersion = 17.6.33815.320
MinimumVisualStudioVersion = 10.0.40219.1
Project("{FAE04EC0-301F-11D3-BF4B-00C04F79EFBC}") = "MvcStok", "MvcStok\MvcStok.csproj", "{E7736AFB-D7A3-4B93-8076-CB794634B458}"
EndProject
Global
	GlobalSection(SolutionConfigurationPlatforms) = preSolution
		Debug|Any CPU = Debug|Any CPU
		Release|Any CPU = Release|Any CPU
	EndGlobalSection
	GlobalSection(ProjectConfigurationPlatforms) = postSolution
		{E7736AFB-D7A3-4B93-8076-CB794634B458}.Debug|Any CPU.ActiveCfg = Debug|Any CPU
		{E7736AFB-D7A3-4B93-8076-CB794634B458}.Debug|Any CPU.Build.0 = Debug|Any CPU
		{E7736AFB-D7A3-4B93-8076-CB794634B458}.Release|Any CPU.ActiveCfg = Release|Any CPU
		{E7736AFB-D7A3-4B93-8076-CB794634B458}.Release|Any CPU.Build.0 = Release|Any CPU
	EndGlobalSection
	GlobalSection(SolutionProperties) = preSolution
		HideSolutionNode = FALSE
	EndGlobalSection
	GlobalSection(ExtensibilityGlobals) = postSolution
		SolutionGuid = {9C425FFF-8FAB-493C-93BF-94243F1DE8D2}
	EndGlobalSection
EndGlobal
